
Microsoft Visual Studio Solution File, Format Version 12.00
# Visual Studio Version 16
VisualStudioVersion = 16.0.31229.75
MinimumVisualStudioVersion = 10.0.40219.1
Project("{FAE04EC0-301F-11D3-BF4B-00C04F79EFBC}") = "001_HelloWorld", "001_HelloWorld\001_HelloWorld.csproj", "{FF99FB27-ADC7-43FD-BF60-120EA2170B14}"
EndProject
Project("{FAE04EC0-301F-11D3-BF4B-00C04F79EFBC}") = "002_HelloWorld2", "002_HelloWorld2\002_HelloWorld2.csproj", "{AB170EC5-EC2A-4A5C-AF39-CD77F2DB0D9A}"
EndProject
Project("{FAE04EC0-301F-11D3-BF4B-00C04F79EFBC}") = "003_HelloWorld3", "003_HelloWorld3\003_HelloWorld3.csproj", "{7C23AEF8-9EC9-43AD-B9A0-3658CB0E1F94}"
EndProject
Project("{FAE04EC0-301F-11D3-BF4B-00C04F79EFBC}") = "004_Check", "004_Check\004_Check.csproj", "{A359D540-8DD6-46DD-93C5-A9C1FCA7E0D1}"
EndProject
Project("{FAE04EC0-301F-11D3-BF4B-00C04F79EFBC}") = "005_Check", "005_Check\005_Check.csproj", "{7B260903-158B-4984-999B-5721A7081AC5}"
EndProject
Project("{FAE04EC0-301F-11D3-BF4B-00C04F79EFBC}") = "006_Variable", "006_Variable\006_Variable.csproj", "{42BE14EF-2F82-4182-8E7C-D2948206BF55}"
EndProject
Project("{FAE04EC0-301F-11D3-BF4B-00C04F79EFBC}") = "007_Variable2", "007_Variable2\007_Variable2.csproj", "{627715D2-CC8A-4B5A-9BEA-33616BB65FF1}"
EndProject
Project("{FAE04EC0-301F-11D3-BF4B-00C04F79EFBC}") = "008_Data1", "008_Data1\008_Data1.csproj", "{B174BEFC-0D0D-478E-B04E-1F988C3E0DA1}"
EndProject
Project("{FAE04EC0-301F-11D3-BF4B-00C04F79EFBC}") = "009_Data2", "009_Data2\009_Data2.csproj", "{E2312103-A365-4B70-89A6-4EC157E2825C}"
EndProject
Project("{FAE04EC0-301F-11D3-BF4B-00C04F79EFBC}") = "010_Data3", "010_Data3\010_Data3.csproj", "{5B5F8A5A-15B1-4595-B8A7-6250C327E43E}"
EndProject
Project("{FAE04EC0-301F-11D3-BF4B-00C04F79EFBC}") = "011_Data4", "011_Data4\011_Data4.csproj", "{AB91D10C-364F-467A-8287-9E605522D01E}"
EndProject
Project("{FAE04EC0-301F-11D3-BF4B-00C04F79EFBC}") = "012_Data5", "012_Data5\012_Data5.csproj", "{FF9F7435-977D-4C8C-B8BC-FDB6697F237D}"
EndProject
Project("{FAE04EC0-301F-11D3-BF4B-00C04F79EFBC}") = "013_Data6", "013_Data6\013_Data6.csproj", "{40EBA35E-A1A6-4379-B5C1-AC1F39D8D1D8}"
EndProject
Project("{FAE04EC0-301F-11D3-BF4B-00C04F79EFBC}") = "014_Data7", "014_Data7\014_Data7.csproj", "{424989FB-7650-4D8D-A890-97F8402D5F1C}"
EndProject
Project("{FAE04EC0-301F-11D3-BF4B-00C04F79EFBC}") = "015_Data8", "015_Data8\015_Data8.csproj", "{63F1F4F2-80EF-4E91-A0CC-450ACEFDDF4D}"
EndProject
Project("{FAE04EC0-301F-11D3-BF4B-00C04F79EFBC}") = "016_String", "016_String\016_String.csproj", "{44D55825-C774-4A35-A5F2-9FAE400B8B43}"
EndProject
Project("{FAE04EC0-301F-11D3-BF4B-00C04F79EFBC}") = "017_Data_bool", "017_Data_bool\017_Data_bool.csproj", "{5E3BF802-5E7A-40F6-B82F-4E4075393D13}"
EndProject
Project("{FAE04EC0-301F-11D3-BF4B-00C04F79EFBC}") = "018_Data_object", "018_Data_object\018_Data_object.csproj", "{15CB23C5-835B-4F10-897D-64478C3B19B7}"
EndProject
Project("{FAE04EC0-301F-11D3-BF4B-00C04F79EFBC}") = "019_Data_enum", "019_Data_enum\019_Data_enum.csproj", "{1EE6B709-E4A6-4B7B-ABA6-E62AFA26F6F5}"
EndProject
Project("{FAE04EC0-301F-11D3-BF4B-00C04F79EFBC}") = "020_Data_enum2", "020_Data_enum2\020_Data_enum2.csproj", "{9AD92B78-763F-498C-A86C-878A09EC00D4}"
EndProject
Project("{FAE04EC0-301F-11D3-BF4B-00C04F79EFBC}") = "021_Data_nullable", "021_Data_nullable\021_Data_nullable.csproj", "{044284E3-021B-4376-A489-F429404E93FE}"
EndProject
Project("{FAE04EC0-301F-11D3-BF4B-00C04F79EFBC}") = "022_Data_var", "022_Data_var\022_Data_var.csproj", "{92A1C7DF-CA4A-4E1F-907C-B2B2B5EC2222}"
EndProject
Project("{FAE04EC0-301F-11D3-BF4B-00C04F79EFBC}") = "023_Data_const", "023_Data_const\023_Data_const.csproj", "{DA9DECC1-24B2-407B-A5EA-B7C6E4CE0B5A}"
EndProject
Project("{FAE04EC0-301F-11D3-BF4B-00C04F79EFBC}") = "024_Data_cast", "024_Data_cast\024_Data_cast.csproj", "{92AFD682-CC86-4073-A5B1-195C13F49DA9}"
EndProject
Project("{FAE04EC0-301F-11D3-BF4B-00C04F79EFBC}") = "025_Data_ToString", "025_Data_ToString\025_Data_ToString.csproj", "{3322BF2D-FE38-4CE1-9113-73875A29F83D}"
EndProject
Project("{FAE04EC0-301F-11D3-BF4B-00C04F79EFBC}") = "026_Data_Parse", "026_Data_Parse\026_Data_Parse.csproj", "{64D29AFB-3375-449F-A90E-6FDCEE60CA9E}"
EndProject
Project("{FAE04EC0-301F-11D3-BF4B-00C04F79EFBC}") = "027_Data_Convert", "027_Data_Convert\027_Data_Convert.csproj", "{F2ACF867-043C-45E7-AD04-D625CE719F68}"
EndProject
Project("{FAE04EC0-301F-11D3-BF4B-00C04F79EFBC}") = "028_Data_Reference", "028_Data_Reference\028_Data_Reference.csproj", "{DC4CD7B4-D401-4485-A101-A9D6CB24116B}"
EndProject
Project("{FAE04EC0-301F-11D3-BF4B-00C04F79EFBC}") = "029_Data_boxing", "029_Data_boxing\029_Data_boxing.csproj", "{1367885A-22A2-4F9B-8217-5AF4E63A4665}"
EndProject
Project("{FAE04EC0-301F-11D3-BF4B-00C04F79EFBC}") = "030_ReadLine", "030_ReadLine\030_ReadLine.csproj", "{F2579F1B-A86D-4DE1-8187-5EC43DD0DDFB}"
EndProject
Project("{FAE04EC0-301F-11D3-BF4B-00C04F79EFBC}") = "031_ReadLine2", "031_ReadLine2\031_ReadLine2.csproj", "{B25C3C72-A4DB-4917-BBA6-1085DB357B0F}"
EndProject
Project("{FAE04EC0-301F-11D3-BF4B-00C04F79EFBC}") = "032_Check", "032_Check\032_Check.csproj", "{E78CB958-B7D3-42C4-BF6A-E7C18A051411}"
EndProject
Project("{FAE04EC0-301F-11D3-BF4B-00C04F79EFBC}") = "033_Check", "033_Check\033_Check.csproj", "{FDC71768-92B9-4F7F-A5E8-69C0225CF501}"
EndProject
Project("{FAE04EC0-301F-11D3-BF4B-00C04F79EFBC}") = "034_Operator1", "034_Operator1\034_Operator1.csproj", "{60E884E0-421C-4589-A04A-056F17456827}"
EndProject
Project("{FAE04EC0-301F-11D3-BF4B-00C04F79EFBC}") = "035_Operator2", "035_Operator2\035_Operator2.csproj", "{98E6595D-222E-43EC-B42F-C86215276DAA}"
EndProject
Project("{FAE04EC0-301F-11D3-BF4B-00C04F79EFBC}") = "036_Operator3", "036_Operator3\036_Operator3.csproj", "{3B0F005A-01ED-4EBF-A4DA-054688504E32}"
EndProject
Project("{FAE04EC0-301F-11D3-BF4B-00C04F79EFBC}") = "036_01_Operator3", "036_01_Operator3\036_01_Operator3.csproj", "{976A64F0-BC9E-4026-B144-CC0248539D42}"
EndProject
Project("{FAE04EC0-301F-11D3-BF4B-00C04F79EFBC}") = "037_Operator4", "037_Operator4\037_Operator4.csproj", "{46BFD02A-55DE-442D-96D7-6E81FECCA6C6}"
EndProject
Project("{FAE04EC0-301F-11D3-BF4B-00C04F79EFBC}") = "038_Operator5", "038_Operator5\038_Operator5.csproj", "{192596B3-5755-49E0-91A8-33BA085F0D88}"
EndProject
Project("{FAE04EC0-301F-11D3-BF4B-00C04F79EFBC}") = "039_Operator6", "039_Operator6\039_Operator6.csproj", "{99CC2C4D-8792-45EB-9DDA-8CDF923249D9}"
EndProject
Project("{FAE04EC0-301F-11D3-BF4B-00C04F79EFBC}") = "040_Operator_Bit", "040_Operator_Bit\040_Operator_Bit.csproj", "{35592D80-AFC8-445D-B751-9267ABDD9072}"
EndProject
Project("{FAE04EC0-301F-11D3-BF4B-00C04F79EFBC}") = "041_Operator_null", "041_Operator_null\041_Operator_null.csproj", "{E6F22869-FF2E-479D-9F49-A28C3ACF749F}"
EndProject
Project("{FAE04EC0-301F-11D3-BF4B-00C04F79EFBC}") = "042_Operator_Branch", "042_Operator_Branch\042_Operator_Branch.csproj", "{EF78DB2B-CAE0-410C-88DA-31056B65B3F6}"
EndProject
Project("{FAE04EC0-301F-11D3-BF4B-00C04F79EFBC}") = "043_Operator_Branch2", "043_Operator_Branch2\043_Operator_Branch2.csproj", "{FD90773F-F534-45C2-AEF9-51C926DF040C}"
EndProject
Project("{FAE04EC0-301F-11D3-BF4B-00C04F79EFBC}") = "044_Operator_Branch3", "044_Operator_Branch3\044_Operator_Branch3.csproj", "{BA27668D-3358-4722-AA35-4FE22E315568}"
EndProject
Project("{FAE04EC0-301F-11D3-BF4B-00C04F79EFBC}") = "045_Operator_switch", "045_Operator_switch\045_Operator_switch.csproj", "{9020F4A6-54D1-4E8B-8068-B06D21263211}"
EndProject
Project("{FAE04EC0-301F-11D3-BF4B-00C04F79EFBC}") = "046_Operator_switch", "046_Operator_switch\046_Operator_switch.csproj", "{B99C9004-B2B6-47CD-B1A1-0E75267E85E0}"
EndProject
Project("{FAE04EC0-301F-11D3-BF4B-00C04F79EFBC}") = "047_Operator_while", "047_Operator_while\047_Operator_while.csproj", "{806B86F1-C856-4FC8-91EB-9C467E0E3F89}"
EndProject
Project("{FAE04EC0-301F-11D3-BF4B-00C04F79EFBC}") = "048_Operator_do~while", "048_Operator_do~while\048_Operator_do~while.csproj", "{D43281AD-4FB3-4D04-83FB-F2AC893B5B43}"
EndProject
Project("{FAE04EC0-301F-11D3-BF4B-00C04F79EFBC}") = "049_Operator_for", "049_Operator_for\049_Operator_for.csproj", "{E1864E75-2FB6-4B0C-BD6F-6EED54AF2088}"
EndProject
Project("{FAE04EC0-301F-11D3-BF4B-00C04F79EFBC}") = "050_Operator_for_for", "050_Operator_for_for\050_Operator_for_for.csproj", "{96833EA2-7235-4428-AC83-DE2312724BCA}"
EndProject
Project("{FAE04EC0-301F-11D3-BF4B-00C04F79EFBC}") = "051_Operator_while(true))", "051_Operator_while(true))\051_Operator_while(true)).csproj", "{DA7A516F-6D26-41A7-873E-987AEFEDDBCD}"
EndProject
Project("{FAE04EC0-301F-11D3-BF4B-00C04F79EFBC}") = "052_Operator_break", "052_Operator_break\052_Operator_break.csproj", "{2122BEC6-C964-4AC0-AA39-30C9C8466E95}"
EndProject
Project("{FAE04EC0-301F-11D3-BF4B-00C04F79EFBC}") = "053_Operator_continue", "053_Operator_continue\053_Operator_continue.csproj", "{0ABFD7D5-441A-461D-A2D3-E7C9CEEC0F52}"
EndProject
Project("{FAE04EC0-301F-11D3-BF4B-00C04F79EFBC}") = "054_Operator_goto", "054_Operator_goto\054_Operator_goto.csproj", "{FD18C251-108B-48ED-AFCB-BC3F47148BC2}"
EndProject
Project("{FAE04EC0-301F-11D3-BF4B-00C04F79EFBC}") = "055_check", "055_check\055_check.csproj", "{16DBAB80-5BF6-4133-B643-522BBA92E019}"
EndProject
Project("{FAE04EC0-301F-11D3-BF4B-00C04F79EFBC}") = "056_Check", "056_Check\056_Check.csproj", "{3CCEA79E-1672-48F4-9481-4644A016EA0B}"
EndProject
Project("{FAE04EC0-301F-11D3-BF4B-00C04F79EFBC}") = "057_Check", "057_Check\057_Check.csproj", "{42B4B0A4-D429-44A0-BEBC-E1F4DB0B543F}"
EndProject
Project("{FAE04EC0-301F-11D3-BF4B-00C04F79EFBC}") = "CheckPoint01", "CheckPoint01\CheckPoint01.csproj", "{DC4A3A5C-ADD4-4FE2-9590-367E917C9E90}"
EndProject
Project("{FAE04EC0-301F-11D3-BF4B-00C04F79EFBC}") = "058_Func1", "058_Func1\058_Func1.csproj", "{192DC75A-33F3-4287-ABF0-17B34CF79A6E}"
EndProject
Project("{FAE04EC0-301F-11D3-BF4B-00C04F79EFBC}") = "059_Func2", "059_Func2\059_Func2.csproj", "{05159709-0B83-48C7-AE39-D786AE9544D0}"
EndProject
Project("{FAE04EC0-301F-11D3-BF4B-00C04F79EFBC}") = "060_Func3", "060_Func3\060_Func3.csproj", "{488DBB22-33DC-4D70-9464-929A066712F8}"
EndProject
Project("{FAE04EC0-301F-11D3-BF4B-00C04F79EFBC}") = "061_Func4", "061_Func4\061_Func4.csproj", "{A7240094-38E2-4EF4-B113-10A9314404AD}"
EndProject
Project("{FAE04EC0-301F-11D3-BF4B-00C04F79EFBC}") = "062_FuncSwap", "062_FuncSwap\062_FuncSwap.csproj", "{CF65FBD5-CCC0-4CED-97F7-1372E4927B75}"
EndProject
Project("{FAE04EC0-301F-11D3-BF4B-00C04F79EFBC}") = "063_Func_out", "063_Func_out\063_Func_out.csproj", "{78B9BDEE-D7E7-4119-9577-7E34AF89BFD0}"
EndProject
Project("{FAE04EC0-301F-11D3-BF4B-00C04F79EFBC}") = "064_Func_default", "064_Func_default\064_Func_default.csproj", "{77F79062-67ED-44D6-93F4-49536B324244}"
EndProject
Project("{FAE04EC0-301F-11D3-BF4B-00C04F79EFBC}") = "065_Func_Overloading", "065_Func_Overloading\065_Func_Overloading.csproj", "{A011EE12-7CD5-4E27-8BFC-F66DD9E6733E}"
EndProject
Project("{FAE04EC0-301F-11D3-BF4B-00C04F79EFBC}") = "066_Func_params", "066_Func_params\066_Func_params.csproj", "{B32558C2-483E-49B9-A364-3E36D2D19FD0}"
EndProject
Project("{FAE04EC0-301F-11D3-BF4B-00C04F79EFBC}") = "067_Check", "067_Check\067_Check.csproj", "{6543FC64-0D90-4F5F-89DD-8B09D7BB58C7}"
EndProject
Project("{FAE04EC0-301F-11D3-BF4B-00C04F79EFBC}") = "CheckPoint02", "CheckPoint02\CheckPoint02.csproj", "{6E8B9FA4-E611-4441-ACEF-A09DAFFA641A}"
EndProject
Project("{FAE04EC0-301F-11D3-BF4B-00C04F79EFBC}") = "068_Array_Init", "068_Array_Init\068_Array_Init.csproj", "{B11DAFCF-4DE1-4621-97A5-DCDC85DD4C62}"
EndProject
Project("{FAE04EC0-301F-11D3-BF4B-00C04F79EFBC}") = "068_1_Array_Init2", "068_1_Array_Init2\068_1_Array_Init2.csproj", "{2FA90F0B-713D-4FEE-B205-D45FFBE01FF4}"
EndProject
Project("{FAE04EC0-301F-11D3-BF4B-00C04F79EFBC}") = "069_Array_Multi", "069_Array_Multi\069_Array_Multi.csproj", "{C4F5D966-393D-4C29-B3A3-BBA6802C8FA9}"
EndProject
Project("{FAE04EC0-301F-11D3-BF4B-00C04F79EFBC}") = "070_Array_Multi2", "070_Array_Multi2\070_Array_Multi2.csproj", "{E85ABFE4-6963-4FB6-9CB5-EB452CB1885F}"
EndProject
Project("{FAE04EC0-301F-11D3-BF4B-00C04F79EFBC}") = "071_Array_Flex", "071_Array_Flex\071_Array_Flex.csproj", "{5EF3662A-3124-4C7B-887B-E0B17DCB96E0}"
EndProject
Project("{FAE04EC0-301F-11D3-BF4B-00C04F79EFBC}") = "072_Array_Func1", "072_Array_Func1\072_Array_Func1.csproj", "{B95E5D29-B20E-4B13-9DD2-2008F0B82861}"
EndProject
Project("{FAE04EC0-301F-11D3-BF4B-00C04F79EFBC}") = "073_Array_Func2", "073_Array_Func2\073_Array_Func2.csproj", "{11CD0118-0903-4118-9BC2-EB1909BC944E}"
EndProject
Project("{FAE04EC0-301F-11D3-BF4B-00C04F79EFBC}") = "074_Array_Clear", "074_Array_Clear\074_Array_Clear.csproj", "{99E0FA0C-E648-4911-AED9-33CE92725473}"
EndProject
Project("{FAE04EC0-301F-11D3-BF4B-00C04F79EFBC}") = "075_Check", "075_Check\075_Check.csproj", "{51DFFF67-24F6-4169-A4F9-3A98B3B85035}"
EndProject
Global
	GlobalSection(SolutionConfigurationPlatforms) = preSolution
		Debug|Any CPU = Debug|Any CPU
		Release|Any CPU = Release|Any CPU
	EndGlobalSection
	GlobalSection(ProjectConfigurationPlatforms) = postSolution
		{FF99FB27-ADC7-43FD-BF60-120EA2170B14}.Debug|Any CPU.ActiveCfg = Debug|Any CPU
		{FF99FB27-ADC7-43FD-BF60-120EA2170B14}.Debug|Any CPU.Build.0 = Debug|Any CPU
		{FF99FB27-ADC7-43FD-BF60-120EA2170B14}.Release|Any CPU.ActiveCfg = Release|Any CPU
		{FF99FB27-ADC7-43FD-BF60-120EA2170B14}.Release|Any CPU.Build.0 = Release|Any CPU
		{AB170EC5-EC2A-4A5C-AF39-CD77F2DB0D9A}.Debug|Any CPU.ActiveCfg = Debug|Any CPU
		{AB170EC5-EC2A-4A5C-AF39-CD77F2DB0D9A}.Debug|Any CPU.Build.0 = Debug|Any CPU
		{AB170EC5-EC2A-4A5C-AF39-CD77F2DB0D9A}.Release|Any CPU.ActiveCfg = Release|Any CPU
		{AB170EC5-EC2A-4A5C-AF39-CD77F2DB0D9A}.Release|Any CPU.Build.0 = Release|Any CPU
		{7C23AEF8-9EC9-43AD-B9A0-3658CB0E1F94}.Debug|Any CPU.ActiveCfg = Debug|Any CPU
		{7C23AEF8-9EC9-43AD-B9A0-3658CB0E1F94}.Debug|Any CPU.Build.0 = Debug|Any CPU
		{7C23AEF8-9EC9-43AD-B9A0-3658CB0E1F94}.Release|Any CPU.ActiveCfg = Release|Any CPU
		{7C23AEF8-9EC9-43AD-B9A0-3658CB0E1F94}.Release|Any CPU.Build.0 = Release|Any CPU
		{A359D540-8DD6-46DD-93C5-A9C1FCA7E0D1}.Debug|Any CPU.ActiveCfg = Debug|Any CPU
		{A359D540-8DD6-46DD-93C5-A9C1FCA7E0D1}.Debug|Any CPU.Build.0 = Debug|Any CPU
		{A359D540-8DD6-46DD-93C5-A9C1FCA7E0D1}.Release|Any CPU.ActiveCfg = Release|Any CPU
		{A359D540-8DD6-46DD-93C5-A9C1FCA7E0D1}.Release|Any CPU.Build.0 = Release|Any CPU
		{7B260903-158B-4984-999B-5721A7081AC5}.Debug|Any CPU.ActiveCfg = Debug|Any CPU
		{7B260903-158B-4984-999B-5721A7081AC5}.Debug|Any CPU.Build.0 = Debug|Any CPU
		{7B260903-158B-4984-999B-5721A7081AC5}.Release|Any CPU.ActiveCfg = Release|Any CPU
		{7B260903-158B-4984-999B-5721A7081AC5}.Release|Any CPU.Build.0 = Release|Any CPU
		{42BE14EF-2F82-4182-8E7C-D2948206BF55}.Debug|Any CPU.ActiveCfg = Debug|Any CPU
		{42BE14EF-2F82-4182-8E7C-D2948206BF55}.Debug|Any CPU.Build.0 = Debug|Any CPU
		{42BE14EF-2F82-4182-8E7C-D2948206BF55}.Release|Any CPU.ActiveCfg = Release|Any CPU
		{42BE14EF-2F82-4182-8E7C-D2948206BF55}.Release|Any CPU.Build.0 = Release|Any CPU
		{627715D2-CC8A-4B5A-9BEA-33616BB65FF1}.Debug|Any CPU.ActiveCfg = Debug|Any CPU
		{627715D2-CC8A-4B5A-9BEA-33616BB65FF1}.Debug|Any CPU.Build.0 = Debug|Any CPU
		{627715D2-CC8A-4B5A-9BEA-33616BB65FF1}.Release|Any CPU.ActiveCfg = Release|Any CPU
		{627715D2-CC8A-4B5A-9BEA-33616BB65FF1}.Release|Any CPU.Build.0 = Release|Any CPU
		{B174BEFC-0D0D-478E-B04E-1F988C3E0DA1}.Debug|Any CPU.ActiveCfg = Debug|Any CPU
		{B174BEFC-0D0D-478E-B04E-1F988C3E0DA1}.Debug|Any CPU.Build.0 = Debug|Any CPU
		{B174BEFC-0D0D-478E-B04E-1F988C3E0DA1}.Release|Any CPU.ActiveCfg = Release|Any CPU
		{B174BEFC-0D0D-478E-B04E-1F988C3E0DA1}.Release|Any CPU.Build.0 = Release|Any CPU
		{E2312103-A365-4B70-89A6-4EC157E2825C}.Debug|Any CPU.ActiveCfg = Debug|Any CPU
		{E2312103-A365-4B70-89A6-4EC157E2825C}.Debug|Any CPU.Build.0 = Debug|Any CPU
		{E2312103-A365-4B70-89A6-4EC157E2825C}.Release|Any CPU.ActiveCfg = Release|Any CPU
		{E2312103-A365-4B70-89A6-4EC157E2825C}.Release|Any CPU.Build.0 = Release|Any CPU
		{5B5F8A5A-15B1-4595-B8A7-6250C327E43E}.Debug|Any CPU.ActiveCfg = Debug|Any CPU
		{5B5F8A5A-15B1-4595-B8A7-6250C327E43E}.Debug|Any CPU.Build.0 = Debug|Any CPU
		{5B5F8A5A-15B1-4595-B8A7-6250C327E43E}.Release|Any CPU.ActiveCfg = Release|Any CPU
		{5B5F8A5A-15B1-4595-B8A7-6250C327E43E}.Release|Any CPU.Build.0 = Release|Any CPU
		{AB91D10C-364F-467A-8287-9E605522D01E}.Debug|Any CPU.ActiveCfg = Debug|Any CPU
		{AB91D10C-364F-467A-8287-9E605522D01E}.Debug|Any CPU.Build.0 = Debug|Any CPU
		{AB91D10C-364F-467A-8287-9E605522D01E}.Release|Any CPU.ActiveCfg = Release|Any CPU
		{AB91D10C-364F-467A-8287-9E605522D01E}.Release|Any CPU.Build.0 = Release|Any CPU
		{FF9F7435-977D-4C8C-B8BC-FDB6697F237D}.Debug|Any CPU.ActiveCfg = Debug|Any CPU
		{FF9F7435-977D-4C8C-B8BC-FDB6697F237D}.Debug|Any CPU.Build.0 = Debug|Any CPU
		{FF9F7435-977D-4C8C-B8BC-FDB6697F237D}.Release|Any CPU.ActiveCfg = Release|Any CPU
		{FF9F7435-977D-4C8C-B8BC-FDB6697F237D}.Release|Any CPU.Build.0 = Release|Any CPU
		{40EBA35E-A1A6-4379-B5C1-AC1F39D8D1D8}.Debug|Any CPU.ActiveCfg = Debug|Any CPU
		{40EBA35E-A1A6-4379-B5C1-AC1F39D8D1D8}.Debug|Any CPU.Build.0 = Debug|Any CPU
		{40EBA35E-A1A6-4379-B5C1-AC1F39D8D1D8}.Release|Any CPU.ActiveCfg = Release|Any CPU
		{40EBA35E-A1A6-4379-B5C1-AC1F39D8D1D8}.Release|Any CPU.Build.0 = Release|Any CPU
		{424989FB-7650-4D8D-A890-97F8402D5F1C}.Debug|Any CPU.ActiveCfg = Debug|Any CPU
		{424989FB-7650-4D8D-A890-97F8402D5F1C}.Debug|Any CPU.Build.0 = Debug|Any CPU
		{424989FB-7650-4D8D-A890-97F8402D5F1C}.Release|Any CPU.ActiveCfg = Release|Any CPU
		{424989FB-7650-4D8D-A890-97F8402D5F1C}.Release|Any CPU.Build.0 = Release|Any CPU
		{63F1F4F2-80EF-4E91-A0CC-450ACEFDDF4D}.Debug|Any CPU.ActiveCfg = Debug|Any CPU
		{63F1F4F2-80EF-4E91-A0CC-450ACEFDDF4D}.Debug|Any CPU.Build.0 = Debug|Any CPU
		{63F1F4F2-80EF-4E91-A0CC-450ACEFDDF4D}.Release|Any CPU.ActiveCfg = Release|Any CPU
		{63F1F4F2-80EF-4E91-A0CC-450ACEFDDF4D}.Release|Any CPU.Build.0 = Release|Any CPU
		{44D55825-C774-4A35-A5F2-9FAE400B8B43}.Debug|Any CPU.ActiveCfg = Debug|Any CPU
		{44D55825-C774-4A35-A5F2-9FAE400B8B43}.Debug|Any CPU.Build.0 = Debug|Any CPU
		{44D55825-C774-4A35-A5F2-9FAE400B8B43}.Release|Any CPU.ActiveCfg = Release|Any CPU
		{44D55825-C774-4A35-A5F2-9FAE400B8B43}.Release|Any CPU.Build.0 = Release|Any CPU
		{5E3BF802-5E7A-40F6-B82F-4E4075393D13}.Debug|Any CPU.ActiveCfg = Debug|Any CPU
		{5E3BF802-5E7A-40F6-B82F-4E4075393D13}.Debug|Any CPU.Build.0 = Debug|Any CPU
		{5E3BF802-5E7A-40F6-B82F-4E4075393D13}.Release|Any CPU.ActiveCfg = Release|Any CPU
		{5E3BF802-5E7A-40F6-B82F-4E4075393D13}.Release|Any CPU.Build.0 = Release|Any CPU
		{15CB23C5-835B-4F10-897D-64478C3B19B7}.Debug|Any CPU.ActiveCfg = Debug|Any CPU
		{15CB23C5-835B-4F10-897D-64478C3B19B7}.Debug|Any CPU.Build.0 = Debug|Any CPU
		{15CB23C5-835B-4F10-897D-64478C3B19B7}.Release|Any CPU.ActiveCfg = Release|Any CPU
		{15CB23C5-835B-4F10-897D-64478C3B19B7}.Release|Any CPU.Build.0 = Release|Any CPU
		{1EE6B709-E4A6-4B7B-ABA6-E62AFA26F6F5}.Debug|Any CPU.ActiveCfg = Debug|Any CPU
		{1EE6B709-E4A6-4B7B-ABA6-E62AFA26F6F5}.Debug|Any CPU.Build.0 = Debug|Any CPU
		{1EE6B709-E4A6-4B7B-ABA6-E62AFA26F6F5}.Release|Any CPU.ActiveCfg = Release|Any CPU
		{1EE6B709-E4A6-4B7B-ABA6-E62AFA26F6F5}.Release|Any CPU.Build.0 = Release|Any CPU
		{9AD92B78-763F-498C-A86C-878A09EC00D4}.Debug|Any CPU.ActiveCfg = Debug|Any CPU
		{9AD92B78-763F-498C-A86C-878A09EC00D4}.Debug|Any CPU.Build.0 = Debug|Any CPU
		{9AD92B78-763F-498C-A86C-878A09EC00D4}.Release|Any CPU.ActiveCfg = Release|Any CPU
		{9AD92B78-763F-498C-A86C-878A09EC00D4}.Release|Any CPU.Build.0 = Release|Any CPU
		{044284E3-021B-4376-A489-F429404E93FE}.Debug|Any CPU.ActiveCfg = Debug|Any CPU
		{044284E3-021B-4376-A489-F429404E93FE}.Debug|Any CPU.Build.0 = Debug|Any CPU
		{044284E3-021B-4376-A489-F429404E93FE}.Release|Any CPU.ActiveCfg = Release|Any CPU
		{044284E3-021B-4376-A489-F429404E93FE}.Release|Any CPU.Build.0 = Release|Any CPU
		{92A1C7DF-CA4A-4E1F-907C-B2B2B5EC2222}.Debug|Any CPU.ActiveCfg = Debug|Any CPU
		{92A1C7DF-CA4A-4E1F-907C-B2B2B5EC2222}.Debug|Any CPU.Build.0 = Debug|Any CPU
		{92A1C7DF-CA4A-4E1F-907C-B2B2B5EC2222}.Release|Any CPU.ActiveCfg = Release|Any CPU
		{92A1C7DF-CA4A-4E1F-907C-B2B2B5EC2222}.Release|Any CPU.Build.0 = Release|Any CPU
		{DA9DECC1-24B2-407B-A5EA-B7C6E4CE0B5A}.Debug|Any CPU.ActiveCfg = Debug|Any CPU
		{DA9DECC1-24B2-407B-A5EA-B7C6E4CE0B5A}.Debug|Any CPU.Build.0 = Debug|Any CPU
		{DA9DECC1-24B2-407B-A5EA-B7C6E4CE0B5A}.Release|Any CPU.ActiveCfg = Release|Any CPU
		{DA9DECC1-24B2-407B-A5EA-B7C6E4CE0B5A}.Release|Any CPU.Build.0 = Release|Any CPU
		{92AFD682-CC86-4073-A5B1-195C13F49DA9}.Debug|Any CPU.ActiveCfg = Debug|Any CPU
		{92AFD682-CC86-4073-A5B1-195C13F49DA9}.Debug|Any CPU.Build.0 = Debug|Any CPU
		{92AFD682-CC86-4073-A5B1-195C13F49DA9}.Release|Any CPU.ActiveCfg = Release|Any CPU
		{92AFD682-CC86-4073-A5B1-195C13F49DA9}.Release|Any CPU.Build.0 = Release|Any CPU
		{3322BF2D-FE38-4CE1-9113-73875A29F83D}.Debug|Any CPU.ActiveCfg = Debug|Any CPU
		{3322BF2D-FE38-4CE1-9113-73875A29F83D}.Debug|Any CPU.Build.0 = Debug|Any CPU
		{3322BF2D-FE38-4CE1-9113-73875A29F83D}.Release|Any CPU.ActiveCfg = Release|Any CPU
		{3322BF2D-FE38-4CE1-9113-73875A29F83D}.Release|Any CPU.Build.0 = Release|Any CPU
		{64D29AFB-3375-449F-A90E-6FDCEE60CA9E}.Debug|Any CPU.ActiveCfg = Debug|Any CPU
		{64D29AFB-3375-449F-A90E-6FDCEE60CA9E}.Debug|Any CPU.Build.0 = Debug|Any CPU
		{64D29AFB-3375-449F-A90E-6FDCEE60CA9E}.Release|Any CPU.ActiveCfg = Release|Any CPU
		{64D29AFB-3375-449F-A90E-6FDCEE60CA9E}.Release|Any CPU.Build.0 = Release|Any CPU
		{F2ACF867-043C-45E7-AD04-D625CE719F68}.Debug|Any CPU.ActiveCfg = Debug|Any CPU
		{F2ACF867-043C-45E7-AD04-D625CE719F68}.Debug|Any CPU.Build.0 = Debug|Any CPU
		{F2ACF867-043C-45E7-AD04-D625CE719F68}.Release|Any CPU.ActiveCfg = Release|Any CPU
		{F2ACF867-043C-45E7-AD04-D625CE719F68}.Release|Any CPU.Build.0 = Release|Any CPU
		{DC4CD7B4-D401-4485-A101-A9D6CB24116B}.Debug|Any CPU.ActiveCfg = Debug|Any CPU
		{DC4CD7B4-D401-4485-A101-A9D6CB24116B}.Debug|Any CPU.Build.0 = Debug|Any CPU
		{DC4CD7B4-D401-4485-A101-A9D6CB24116B}.Release|Any CPU.ActiveCfg = Release|Any CPU
		{DC4CD7B4-D401-4485-A101-A9D6CB24116B}.Release|Any CPU.Build.0 = Release|Any CPU
		{1367885A-22A2-4F9B-8217-5AF4E63A4665}.Debug|Any CPU.ActiveCfg = Debug|Any CPU
		{1367885A-22A2-4F9B-8217-5AF4E63A4665}.Debug|Any CPU.Build.0 = Debug|Any CPU
		{1367885A-22A2-4F9B-8217-5AF4E63A4665}.Release|Any CPU.ActiveCfg = Release|Any CPU
		{1367885A-22A2-4F9B-8217-5AF4E63A4665}.Release|Any CPU.Build.0 = Release|Any CPU
		{F2579F1B-A86D-4DE1-8187-5EC43DD0DDFB}.Debug|Any CPU.ActiveCfg = Debug|Any CPU
		{F2579F1B-A86D-4DE1-8187-5EC43DD0DDFB}.Debug|Any CPU.Build.0 = Debug|Any CPU
		{F2579F1B-A86D-4DE1-8187-5EC43DD0DDFB}.Release|Any CPU.ActiveCfg = Release|Any CPU
		{F2579F1B-A86D-4DE1-8187-5EC43DD0DDFB}.Release|Any CPU.Build.0 = Release|Any CPU
		{B25C3C72-A4DB-4917-BBA6-1085DB357B0F}.Debug|Any CPU.ActiveCfg = Debug|Any CPU
		{B25C3C72-A4DB-4917-BBA6-1085DB357B0F}.Debug|Any CPU.Build.0 = Debug|Any CPU
		{B25C3C72-A4DB-4917-BBA6-1085DB357B0F}.Release|Any CPU.ActiveCfg = Release|Any CPU
		{B25C3C72-A4DB-4917-BBA6-1085DB357B0F}.Release|Any CPU.Build.0 = Release|Any CPU
		{E78CB958-B7D3-42C4-BF6A-E7C18A051411}.Debug|Any CPU.ActiveCfg = Debug|Any CPU
		{E78CB958-B7D3-42C4-BF6A-E7C18A051411}.Debug|Any CPU.Build.0 = Debug|Any CPU
		{E78CB958-B7D3-42C4-BF6A-E7C18A051411}.Release|Any CPU.ActiveCfg = Release|Any CPU
		{E78CB958-B7D3-42C4-BF6A-E7C18A051411}.Release|Any CPU.Build.0 = Release|Any CPU
		{FDC71768-92B9-4F7F-A5E8-69C0225CF501}.Debug|Any CPU.ActiveCfg = Debug|Any CPU
		{FDC71768-92B9-4F7F-A5E8-69C0225CF501}.Debug|Any CPU.Build.0 = Debug|Any CPU
		{FDC71768-92B9-4F7F-A5E8-69C0225CF501}.Release|Any CPU.ActiveCfg = Release|Any CPU
		{FDC71768-92B9-4F7F-A5E8-69C0225CF501}.Release|Any CPU.Build.0 = Release|Any CPU
		{60E884E0-421C-4589-A04A-056F17456827}.Debug|Any CPU.ActiveCfg = Debug|Any CPU
		{60E884E0-421C-4589-A04A-056F17456827}.Debug|Any CPU.Build.0 = Debug|Any CPU
		{60E884E0-421C-4589-A04A-056F17456827}.Release|Any CPU.ActiveCfg = Release|Any CPU
		{60E884E0-421C-4589-A04A-056F17456827}.Release|Any CPU.Build.0 = Release|Any CPU
		{98E6595D-222E-43EC-B42F-C86215276DAA}.Debug|Any CPU.ActiveCfg = Debug|Any CPU
		{98E6595D-222E-43EC-B42F-C86215276DAA}.Debug|Any CPU.Build.0 = Debug|Any CPU
		{98E6595D-222E-43EC-B42F-C86215276DAA}.Release|Any CPU.ActiveCfg = Release|Any CPU
		{98E6595D-222E-43EC-B42F-C86215276DAA}.Release|Any CPU.Build.0 = Release|Any CPU
		{3B0F005A-01ED-4EBF-A4DA-054688504E32}.Debug|Any CPU.ActiveCfg = Debug|Any CPU
		{3B0F005A-01ED-4EBF-A4DA-054688504E32}.Debug|Any CPU.Build.0 = Debug|Any CPU
		{3B0F005A-01ED-4EBF-A4DA-054688504E32}.Release|Any CPU.ActiveCfg = Release|Any CPU
		{3B0F005A-01ED-4EBF-A4DA-054688504E32}.Release|Any CPU.Build.0 = Release|Any CPU
		{976A64F0-BC9E-4026-B144-CC0248539D42}.Debug|Any CPU.ActiveCfg = Debug|Any CPU
		{976A64F0-BC9E-4026-B144-CC0248539D42}.Debug|Any CPU.Build.0 = Debug|Any CPU
		{976A64F0-BC9E-4026-B144-CC0248539D42}.Release|Any CPU.ActiveCfg = Release|Any CPU
		{976A64F0-BC9E-4026-B144-CC0248539D42}.Release|Any CPU.Build.0 = Release|Any CPU
		{46BFD02A-55DE-442D-96D7-6E81FECCA6C6}.Debug|Any CPU.ActiveCfg = Debug|Any CPU
		{46BFD02A-55DE-442D-96D7-6E81FECCA6C6}.Debug|Any CPU.Build.0 = Debug|Any CPU
		{46BFD02A-55DE-442D-96D7-6E81FECCA6C6}.Release|Any CPU.ActiveCfg = Release|Any CPU
		{46BFD02A-55DE-442D-96D7-6E81FECCA6C6}.Release|Any CPU.Build.0 = Release|Any CPU
		{192596B3-5755-49E0-91A8-33BA085F0D88}.Debug|Any CPU.ActiveCfg = Debug|Any CPU
		{192596B3-5755-49E0-91A8-33BA085F0D88}.Debug|Any CPU.Build.0 = Debug|Any CPU
		{192596B3-5755-49E0-91A8-33BA085F0D88}.Release|Any CPU.ActiveCfg = Release|Any CPU
		{192596B3-5755-49E0-91A8-33BA085F0D88}.Release|Any CPU.Build.0 = Release|Any CPU
		{99CC2C4D-8792-45EB-9DDA-8CDF923249D9}.Debug|Any CPU.ActiveCfg = Debug|Any CPU
		{99CC2C4D-8792-45EB-9DDA-8CDF923249D9}.Debug|Any CPU.Build.0 = Debug|Any CPU
		{99CC2C4D-8792-45EB-9DDA-8CDF923249D9}.Release|Any CPU.ActiveCfg = Release|Any CPU
		{99CC2C4D-8792-45EB-9DDA-8CDF923249D9}.Release|Any CPU.Build.0 = Release|Any CPU
		{35592D80-AFC8-445D-B751-9267ABDD9072}.Debug|Any CPU.ActiveCfg = Debug|Any CPU
		{35592D80-AFC8-445D-B751-9267ABDD9072}.Debug|Any CPU.Build.0 = Debug|Any CPU
		{35592D80-AFC8-445D-B751-9267ABDD9072}.Release|Any CPU.ActiveCfg = Release|Any CPU
		{35592D80-AFC8-445D-B751-9267ABDD9072}.Release|Any CPU.Build.0 = Release|Any CPU
		{E6F22869-FF2E-479D-9F49-A28C3ACF749F}.Debug|Any CPU.ActiveCfg = Debug|Any CPU
		{E6F22869-FF2E-479D-9F49-A28C3ACF749F}.Debug|Any CPU.Build.0 = Debug|Any CPU
		{E6F22869-FF2E-479D-9F49-A28C3ACF749F}.Release|Any CPU.ActiveCfg = Release|Any CPU
		{E6F22869-FF2E-479D-9F49-A28C3ACF749F}.Release|Any CPU.Build.0 = Release|Any CPU
		{EF78DB2B-CAE0-410C-88DA-31056B65B3F6}.Debug|Any CPU.ActiveCfg = Debug|Any CPU
		{EF78DB2B-CAE0-410C-88DA-31056B65B3F6}.Debug|Any CPU.Build.0 = Debug|Any CPU
		{EF78DB2B-CAE0-410C-88DA-31056B65B3F6}.Release|Any CPU.ActiveCfg = Release|Any CPU
		{EF78DB2B-CAE0-410C-88DA-31056B65B3F6}.Release|Any CPU.Build.0 = Release|Any CPU
		{FD90773F-F534-45C2-AEF9-51C926DF040C}.Debug|Any CPU.ActiveCfg = Debug|Any CPU
		{FD90773F-F534-45C2-AEF9-51C926DF040C}.Debug|Any CPU.Build.0 = Debug|Any CPU
		{FD90773F-F534-45C2-AEF9-51C926DF040C}.Release|Any CPU.ActiveCfg = Release|Any CPU
		{FD90773F-F534-45C2-AEF9-51C926DF040C}.Release|Any CPU.Build.0 = Release|Any CPU
		{BA27668D-3358-4722-AA35-4FE22E315568}.Debug|Any CPU.ActiveCfg = Debug|Any CPU
		{BA27668D-3358-4722-AA35-4FE22E315568}.Debug|Any CPU.Build.0 = Debug|Any CPU
		{BA27668D-3358-4722-AA35-4FE22E315568}.Release|Any CPU.ActiveCfg = Release|Any CPU
		{BA27668D-3358-4722-AA35-4FE22E315568}.Release|Any CPU.Build.0 = Release|Any CPU
		{9020F4A6-54D1-4E8B-8068-B06D21263211}.Debug|Any CPU.ActiveCfg = Debug|Any CPU
		{9020F4A6-54D1-4E8B-8068-B06D21263211}.Debug|Any CPU.Build.0 = Debug|Any CPU
		{9020F4A6-54D1-4E8B-8068-B06D21263211}.Release|Any CPU.ActiveCfg = Release|Any CPU
		{9020F4A6-54D1-4E8B-8068-B06D21263211}.Release|Any CPU.Build.0 = Release|Any CPU
		{B99C9004-B2B6-47CD-B1A1-0E75267E85E0}.Debug|Any CPU.ActiveCfg = Debug|Any CPU
		{B99C9004-B2B6-47CD-B1A1-0E75267E85E0}.Debug|Any CPU.Build.0 = Debug|Any CPU
		{B99C9004-B2B6-47CD-B1A1-0E75267E85E0}.Release|Any CPU.ActiveCfg = Release|Any CPU
		{B99C9004-B2B6-47CD-B1A1-0E75267E85E0}.Release|Any CPU.Build.0 = Release|Any CPU
		{806B86F1-C856-4FC8-91EB-9C467E0E3F89}.Debug|Any CPU.ActiveCfg = Debug|Any CPU
		{806B86F1-C856-4FC8-91EB-9C467E0E3F89}.Debug|Any CPU.Build.0 = Debug|Any CPU
		{806B86F1-C856-4FC8-91EB-9C467E0E3F89}.Release|Any CPU.ActiveCfg = Release|Any CPU
		{806B86F1-C856-4FC8-91EB-9C467E0E3F89}.Release|Any CPU.Build.0 = Release|Any CPU
		{D43281AD-4FB3-4D04-83FB-F2AC893B5B43}.Debug|Any CPU.ActiveCfg = Debug|Any CPU
		{D43281AD-4FB3-4D04-83FB-F2AC893B5B43}.Debug|Any CPU.Build.0 = Debug|Any CPU
		{D43281AD-4FB3-4D04-83FB-F2AC893B5B43}.Release|Any CPU.ActiveCfg = Release|Any CPU
		{D43281AD-4FB3-4D04-83FB-F2AC893B5B43}.Release|Any CPU.Build.0 = Release|Any CPU
		{E1864E75-2FB6-4B0C-BD6F-6EED54AF2088}.Debug|Any CPU.ActiveCfg = Debug|Any CPU
		{E1864E75-2FB6-4B0C-BD6F-6EED54AF2088}.Debug|Any CPU.Build.0 = Debug|Any CPU
		{E1864E75-2FB6-4B0C-BD6F-6EED54AF2088}.Release|Any CPU.ActiveCfg = Release|Any CPU
		{E1864E75-2FB6-4B0C-BD6F-6EED54AF2088}.Release|Any CPU.Build.0 = Release|Any CPU
		{96833EA2-7235-4428-AC83-DE2312724BCA}.Debug|Any CPU.ActiveCfg = Debug|Any CPU
		{96833EA2-7235-4428-AC83-DE2312724BCA}.Debug|Any CPU.Build.0 = Debug|Any CPU
		{96833EA2-7235-4428-AC83-DE2312724BCA}.Release|Any CPU.ActiveCfg = Release|Any CPU
		{96833EA2-7235-4428-AC83-DE2312724BCA}.Release|Any CPU.Build.0 = Release|Any CPU
		{DA7A516F-6D26-41A7-873E-987AEFEDDBCD}.Debug|Any CPU.ActiveCfg = Debug|Any CPU
		{DA7A516F-6D26-41A7-873E-987AEFEDDBCD}.Debug|Any CPU.Build.0 = Debug|Any CPU
		{DA7A516F-6D26-41A7-873E-987AEFEDDBCD}.Release|Any CPU.ActiveCfg = Release|Any CPU
		{DA7A516F-6D26-41A7-873E-987AEFEDDBCD}.Release|Any CPU.Build.0 = Release|Any CPU
		{2122BEC6-C964-4AC0-AA39-30C9C8466E95}.Debug|Any CPU.ActiveCfg = Debug|Any CPU
		{2122BEC6-C964-4AC0-AA39-30C9C8466E95}.Debug|Any CPU.Build.0 = Debug|Any CPU
		{2122BEC6-C964-4AC0-AA39-30C9C8466E95}.Release|Any CPU.ActiveCfg = Release|Any CPU
		{2122BEC6-C964-4AC0-AA39-30C9C8466E95}.Release|Any CPU.Build.0 = Release|Any CPU
		{0ABFD7D5-441A-461D-A2D3-E7C9CEEC0F52}.Debug|Any CPU.ActiveCfg = Debug|Any CPU
		{0ABFD7D5-441A-461D-A2D3-E7C9CEEC0F52}.Debug|Any CPU.Build.0 = Debug|Any CPU
		{0ABFD7D5-441A-461D-A2D3-E7C9CEEC0F52}.Release|Any CPU.ActiveCfg = Release|Any CPU
		{0ABFD7D5-441A-461D-A2D3-E7C9CEEC0F52}.Release|Any CPU.Build.0 = Release|Any CPU
		{FD18C251-108B-48ED-AFCB-BC3F47148BC2}.Debug|Any CPU.ActiveCfg = Debug|Any CPU
		{FD18C251-108B-48ED-AFCB-BC3F47148BC2}.Debug|Any CPU.Build.0 = Debug|Any CPU
		{FD18C251-108B-48ED-AFCB-BC3F47148BC2}.Release|Any CPU.ActiveCfg = Release|Any CPU
		{FD18C251-108B-48ED-AFCB-BC3F47148BC2}.Release|Any CPU.Build.0 = Release|Any CPU
		{16DBAB80-5BF6-4133-B643-522BBA92E019}.Debug|Any CPU.ActiveCfg = Debug|Any CPU
		{16DBAB80-5BF6-4133-B643-522BBA92E019}.Debug|Any CPU.Build.0 = Debug|Any CPU
		{16DBAB80-5BF6-4133-B643-522BBA92E019}.Release|Any CPU.ActiveCfg = Release|Any CPU
		{16DBAB80-5BF6-4133-B643-522BBA92E019}.Release|Any CPU.Build.0 = Release|Any CPU
		{3CCEA79E-1672-48F4-9481-4644A016EA0B}.Debug|Any CPU.ActiveCfg = Debug|Any CPU
		{3CCEA79E-1672-48F4-9481-4644A016EA0B}.Debug|Any CPU.Build.0 = Debug|Any CPU
		{3CCEA79E-1672-48F4-9481-4644A016EA0B}.Release|Any CPU.ActiveCfg = Release|Any CPU
		{3CCEA79E-1672-48F4-9481-4644A016EA0B}.Release|Any CPU.Build.0 = Release|Any CPU
		{42B4B0A4-D429-44A0-BEBC-E1F4DB0B543F}.Debug|Any CPU.ActiveCfg = Debug|Any CPU
		{42B4B0A4-D429-44A0-BEBC-E1F4DB0B543F}.Debug|Any CPU.Build.0 = Debug|Any CPU
		{42B4B0A4-D429-44A0-BEBC-E1F4DB0B543F}.Release|Any CPU.ActiveCfg = Release|Any CPU
		{42B4B0A4-D429-44A0-BEBC-E1F4DB0B543F}.Release|Any CPU.Build.0 = Release|Any CPU
		{DC4A3A5C-ADD4-4FE2-9590-367E917C9E90}.Debug|Any CPU.ActiveCfg = Debug|Any CPU
		{DC4A3A5C-ADD4-4FE2-9590-367E917C9E90}.Debug|Any CPU.Build.0 = Debug|Any CPU
		{DC4A3A5C-ADD4-4FE2-9590-367E917C9E90}.Release|Any CPU.ActiveCfg = Release|Any CPU
		{DC4A3A5C-ADD4-4FE2-9590-367E917C9E90}.Release|Any CPU.Build.0 = Release|Any CPU
		{192DC75A-33F3-4287-ABF0-17B34CF79A6E}.Debug|Any CPU.ActiveCfg = Debug|Any CPU
		{192DC75A-33F3-4287-ABF0-17B34CF79A6E}.Debug|Any CPU.Build.0 = Debug|Any CPU
		{192DC75A-33F3-4287-ABF0-17B34CF79A6E}.Release|Any CPU.ActiveCfg = Release|Any CPU
		{192DC75A-33F3-4287-ABF0-17B34CF79A6E}.Release|Any CPU.Build.0 = Release|Any CPU
		{05159709-0B83-48C7-AE39-D786AE9544D0}.Debug|Any CPU.ActiveCfg = Debug|Any CPU
		{05159709-0B83-48C7-AE39-D786AE9544D0}.Debug|Any CPU.Build.0 = Debug|Any CPU
		{05159709-0B83-48C7-AE39-D786AE9544D0}.Release|Any CPU.ActiveCfg = Release|Any CPU
		{05159709-0B83-48C7-AE39-D786AE9544D0}.Release|Any CPU.Build.0 = Release|Any CPU
		{488DBB22-33DC-4D70-9464-929A066712F8}.Debug|Any CPU.ActiveCfg = Debug|Any CPU
		{488DBB22-33DC-4D70-9464-929A066712F8}.Debug|Any CPU.Build.0 = Debug|Any CPU
		{488DBB22-33DC-4D70-9464-929A066712F8}.Release|Any CPU.ActiveCfg = Release|Any CPU
		{488DBB22-33DC-4D70-9464-929A066712F8}.Release|Any CPU.Build.0 = Release|Any CPU
		{A7240094-38E2-4EF4-B113-10A9314404AD}.Debug|Any CPU.ActiveCfg = Debug|Any CPU
		{A7240094-38E2-4EF4-B113-10A9314404AD}.Debug|Any CPU.Build.0 = Debug|Any CPU
		{A7240094-38E2-4EF4-B113-10A9314404AD}.Release|Any CPU.ActiveCfg = Release|Any CPU
		{A7240094-38E2-4EF4-B113-10A9314404AD}.Release|Any CPU.Build.0 = Release|Any CPU
		{CF65FBD5-CCC0-4CED-97F7-1372E4927B75}.Debug|Any CPU.ActiveCfg = Debug|Any CPU
		{CF65FBD5-CCC0-4CED-97F7-1372E4927B75}.Debug|Any CPU.Build.0 = Debug|Any CPU
		{CF65FBD5-CCC0-4CED-97F7-1372E4927B75}.Release|Any CPU.ActiveCfg = Release|Any CPU
		{CF65FBD5-CCC0-4CED-97F7-1372E4927B75}.Release|Any CPU.Build.0 = Release|Any CPU
		{78B9BDEE-D7E7-4119-9577-7E34AF89BFD0}.Debug|Any CPU.ActiveCfg = Debug|Any CPU
		{78B9BDEE-D7E7-4119-9577-7E34AF89BFD0}.Debug|Any CPU.Build.0 = Debug|Any CPU
		{78B9BDEE-D7E7-4119-9577-7E34AF89BFD0}.Release|Any CPU.ActiveCfg = Release|Any CPU
		{78B9BDEE-D7E7-4119-9577-7E34AF89BFD0}.Release|Any CPU.Build.0 = Release|Any CPU
		{77F79062-67ED-44D6-93F4-49536B324244}.Debug|Any CPU.ActiveCfg = Debug|Any CPU
		{77F79062-67ED-44D6-93F4-49536B324244}.Debug|Any CPU.Build.0 = Debug|Any CPU
		{77F79062-67ED-44D6-93F4-49536B324244}.Release|Any CPU.ActiveCfg = Release|Any CPU
		{77F79062-67ED-44D6-93F4-49536B324244}.Release|Any CPU.Build.0 = Release|Any CPU
		{A011EE12-7CD5-4E27-8BFC-F66DD9E6733E}.Debug|Any CPU.ActiveCfg = Debug|Any CPU
		{A011EE12-7CD5-4E27-8BFC-F66DD9E6733E}.Debug|Any CPU.Build.0 = Debug|Any CPU
		{A011EE12-7CD5-4E27-8BFC-F66DD9E6733E}.Release|Any CPU.ActiveCfg = Release|Any CPU
		{A011EE12-7CD5-4E27-8BFC-F66DD9E6733E}.Release|Any CPU.Build.0 = Release|Any CPU
		{B32558C2-483E-49B9-A364-3E36D2D19FD0}.Debug|Any CPU.ActiveCfg = Debug|Any CPU
		{B32558C2-483E-49B9-A364-3E36D2D19FD0}.Debug|Any CPU.Build.0 = Debug|Any CPU
		{B32558C2-483E-49B9-A364-3E36D2D19FD0}.Release|Any CPU.ActiveCfg = Release|Any CPU
		{B32558C2-483E-49B9-A364-3E36D2D19FD0}.Release|Any CPU.Build.0 = Release|Any CPU
		{6543FC64-0D90-4F5F-89DD-8B09D7BB58C7}.Debug|Any CPU.ActiveCfg = Debug|Any CPU
		{6543FC64-0D90-4F5F-89DD-8B09D7BB58C7}.Debug|Any CPU.Build.0 = Debug|Any CPU
		{6543FC64-0D90-4F5F-89DD-8B09D7BB58C7}.Release|Any CPU.ActiveCfg = Release|Any CPU
		{6543FC64-0D90-4F5F-89DD-8B09D7BB58C7}.Release|Any CPU.Build.0 = Release|Any CPU
		{6E8B9FA4-E611-4441-ACEF-A09DAFFA641A}.Debug|Any CPU.ActiveCfg = Debug|Any CPU
		{6E8B9FA4-E611-4441-ACEF-A09DAFFA641A}.Debug|Any CPU.Build.0 = Debug|Any CPU
		{6E8B9FA4-E611-4441-ACEF-A09DAFFA641A}.Release|Any CPU.ActiveCfg = Release|Any CPU
		{6E8B9FA4-E611-4441-ACEF-A09DAFFA641A}.Release|Any CPU.Build.0 = Release|Any CPU
		{B11DAFCF-4DE1-4621-97A5-DCDC85DD4C62}.Debug|Any CPU.ActiveCfg = Debug|Any CPU
		{B11DAFCF-4DE1-4621-97A5-DCDC85DD4C62}.Debug|Any CPU.Build.0 = Debug|Any CPU
		{B11DAFCF-4DE1-4621-97A5-DCDC85DD4C62}.Release|Any CPU.ActiveCfg = Release|Any CPU
		{B11DAFCF-4DE1-4621-97A5-DCDC85DD4C62}.Release|Any CPU.Build.0 = Release|Any CPU
		{2FA90F0B-713D-4FEE-B205-D45FFBE01FF4}.Debug|Any CPU.ActiveCfg = Debug|Any CPU
		{2FA90F0B-713D-4FEE-B205-D45FFBE01FF4}.Debug|Any CPU.Build.0 = Debug|Any CPU
		{2FA90F0B-713D-4FEE-B205-D45FFBE01FF4}.Release|Any CPU.ActiveCfg = Release|Any CPU
		{2FA90F0B-713D-4FEE-B205-D45FFBE01FF4}.Release|Any CPU.Build.0 = Release|Any CPU
		{C4F5D966-393D-4C29-B3A3-BBA6802C8FA9}.Debug|Any CPU.ActiveCfg = Debug|Any CPU
		{C4F5D966-393D-4C29-B3A3-BBA6802C8FA9}.Debug|Any CPU.Build.0 = Debug|Any CPU
		{C4F5D966-393D-4C29-B3A3-BBA6802C8FA9}.Release|Any CPU.ActiveCfg = Release|Any CPU
		{C4F5D966-393D-4C29-B3A3-BBA6802C8FA9}.Release|Any CPU.Build.0 = Release|Any CPU
		{E85ABFE4-6963-4FB6-9CB5-EB452CB1885F}.Debug|Any CPU.ActiveCfg = Debug|Any CPU
		{E85ABFE4-6963-4FB6-9CB5-EB452CB1885F}.Debug|Any CPU.Build.0 = Debug|Any CPU
		{E85ABFE4-6963-4FB6-9CB5-EB452CB1885F}.Release|Any CPU.ActiveCfg = Release|Any CPU
		{E85ABFE4-6963-4FB6-9CB5-EB452CB1885F}.Release|Any CPU.Build.0 = Release|Any CPU
		{5EF3662A-3124-4C7B-887B-E0B17DCB96E0}.Debug|Any CPU.ActiveCfg = Debug|Any CPU
		{5EF3662A-3124-4C7B-887B-E0B17DCB96E0}.Debug|Any CPU.Build.0 = Debug|Any CPU
		{5EF3662A-3124-4C7B-887B-E0B17DCB96E0}.Release|Any CPU.ActiveCfg = Release|Any CPU
		{5EF3662A-3124-4C7B-887B-E0B17DCB96E0}.Release|Any CPU.Build.0 = Release|Any CPU
		{B95E5D29-B20E-4B13-9DD2-2008F0B82861}.Debug|Any CPU.ActiveCfg = Debug|Any CPU
		{B95E5D29-B20E-4B13-9DD2-2008F0B82861}.Debug|Any CPU.Build.0 = Debug|Any CPU
		{B95E5D29-B20E-4B13-9DD2-2008F0B82861}.Release|Any CPU.ActiveCfg = Release|Any CPU
		{B95E5D29-B20E-4B13-9DD2-2008F0B82861}.Release|Any CPU.Build.0 = Release|Any CPU
		{11CD0118-0903-4118-9BC2-EB1909BC944E}.Debug|Any CPU.ActiveCfg = Debug|Any CPU
		{11CD0118-0903-4118-9BC2-EB1909BC944E}.Debug|Any CPU.Build.0 = Debug|Any CPU
		{11CD0118-0903-4118-9BC2-EB1909BC944E}.Release|Any CPU.ActiveCfg = Release|Any CPU
		{11CD0118-0903-4118-9BC2-EB1909BC944E}.Release|Any CPU.Build.0 = Release|Any CPU
		{99E0FA0C-E648-4911-AED9-33CE92725473}.Debug|Any CPU.ActiveCfg = Debug|Any CPU
		{99E0FA0C-E648-4911-AED9-33CE92725473}.Debug|Any CPU.Build.0 = Debug|Any CPU
		{99E0FA0C-E648-4911-AED9-33CE92725473}.Release|Any CPU.ActiveCfg = Release|Any CPU
		{99E0FA0C-E648-4911-AED9-33CE92725473}.Release|Any CPU.Build.0 = Release|Any CPU
		{51DFFF67-24F6-4169-A4F9-3A98B3B85035}.Debug|Any CPU.ActiveCfg = Debug|Any CPU
		{51DFFF67-24F6-4169-A4F9-3A98B3B85035}.Debug|Any CPU.Build.0 = Debug|Any CPU
		{51DFFF67-24F6-4169-A4F9-3A98B3B85035}.Release|Any CPU.ActiveCfg = Release|Any CPU
		{51DFFF67-24F6-4169-A4F9-3A98B3B85035}.Release|Any CPU.Build.0 = Release|Any CPU
	EndGlobalSection
	GlobalSection(SolutionProperties) = preSolution
		HideSolutionNode = FALSE
	EndGlobalSection
	GlobalSection(ExtensibilityGlobals) = postSolution
		SolutionGuid = {F9BDCDE7-DA8D-478C-A743-8F11736ACD00}
	EndGlobalSection
EndGlobal
